
Microsoft Visual Studio Solution File, Format Version 12.00
# Visual Studio 15
Project("{8BC9CEB8-8B4A-11D0-8D11-00A0C91BC942}") = "ALL_BUILD", "ALL_BUILD.vcxproj", "{03899A35-C5E8-3623-9709-12BE3BF2385D}"
	ProjectSection(ProjectDependencies) = postProject
		{E7E4FE21-94AE-38B6-A200-C4EFFA029D64} = {E7E4FE21-94AE-38B6-A200-C4EFFA029D64}
		{BB2A03D8-547A-3038-8C9E-006C954CCDDB} = {BB2A03D8-547A-3038-8C9E-006C954CCDDB}
		{AFDDC203-2C8C-3A48-8186-43C20181D3FC} = {AFDDC203-2C8C-3A48-8186-43C20181D3FC}
		{32FF2B07-4910-3719-97BA-8623A76DF2FC} = {32FF2B07-4910-3719-97BA-8623A76DF2FC}
		{F198FB57-691A-30E3-8188-D97EBB366361} = {F198FB57-691A-30E3-8188-D97EBB366361}
	EndProjectSection
EndProject
Project("{8BC9CEB8-8B4A-11D0-8D11-00A0C91BC942}") = "INSTALL", "INSTALL.vcxproj", "{E0352F26-6901-3317-BA1B-46E3D0D36AA2}"
	ProjectSection(ProjectDependencies) = postProject
		{03899A35-C5E8-3623-9709-12BE3BF2385D} = {03899A35-C5E8-3623-9709-12BE3BF2385D}
		{BB2A03D8-547A-3038-8C9E-006C954CCDDB} = {BB2A03D8-547A-3038-8C9E-006C954CCDDB}
	EndProjectSection
EndProject
Project("{8BC9CEB8-8B4A-11D0-8D11-00A0C91BC942}") = "Protonect", "examples\Protonect.vcxproj", "{E7E4FE21-94AE-38B6-A200-C4EFFA029D64}"
	ProjectSection(ProjectDependencies) = postProject
		{BB2A03D8-547A-3038-8C9E-006C954CCDDB} = {BB2A03D8-547A-3038-8C9E-006C954CCDDB}
		{AFDDC203-2C8C-3A48-8186-43C20181D3FC} = {AFDDC203-2C8C-3A48-8186-43C20181D3FC}
	EndProjectSection
EndProject
Project("{8BC9CEB8-8B4A-11D0-8D11-00A0C91BC942}") = "ZERO_CHECK", "ZERO_CHECK.vcxproj", "{BB2A03D8-547A-3038-8C9E-006C954CCDDB}"
	ProjectSection(ProjectDependencies) = postProject
	EndProjectSection
EndProject
Project("{8BC9CEB8-8B4A-11D0-8D11-00A0C91BC942}") = "freenect2", "freenect2.vcxproj", "{AFDDC203-2C8C-3A48-8186-43C20181D3FC}"
	ProjectSection(ProjectDependencies) = postProject
		{BB2A03D8-547A-3038-8C9E-006C954CCDDB} = {BB2A03D8-547A-3038-8C9E-006C954CCDDB}
		{F198FB57-691A-30E3-8188-D97EBB366361} = {F198FB57-691A-30E3-8188-D97EBB366361}
	EndProjectSection
EndProject
Project("{8BC9CEB8-8B4A-11D0-8D11-00A0C91BC942}") = "freenect2-openni2", "freenect2-openni2.vcxproj", "{32FF2B07-4910-3719-97BA-8623A76DF2FC}"
	ProjectSection(ProjectDependencies) = postProject
		{BB2A03D8-547A-3038-8C9E-006C954CCDDB} = {BB2A03D8-547A-3038-8C9E-006C954CCDDB}
		{AFDDC203-2C8C-3A48-8186-43C20181D3FC} = {AFDDC203-2C8C-3A48-8186-43C20181D3FC}
	EndProjectSection
EndProject
Project("{8BC9CEB8-8B4A-11D0-8D11-00A0C91BC942}") = "generate_resources_tool", "generate_resources_tool.vcxproj", "{F198FB57-691A-30E3-8188-D97EBB366361}"
	ProjectSection(ProjectDependencies) = postProject
		{BB2A03D8-547A-3038-8C9E-006C954CCDDB} = {BB2A03D8-547A-3038-8C9E-006C954CCDDB}
	EndProjectSection
EndProject
Project("{8BC9CEB8-8B4A-11D0-8D11-00A0C91BC942}") = "install-openni2", "install-openni2.vcxproj", "{043525BA-9D3F-3FFF-A81C-7EF891AFD4F1}"
	ProjectSection(ProjectDependencies) = postProject
		{BB2A03D8-547A-3038-8C9E-006C954CCDDB} = {BB2A03D8-547A-3038-8C9E-006C954CCDDB}
		{32FF2B07-4910-3719-97BA-8623A76DF2FC} = {32FF2B07-4910-3719-97BA-8623A76DF2FC}
	EndProjectSection
EndProject
Global
	GlobalSection(SolutionConfigurationPlatforms) = preSolution
		Debug|x64 = Debug|x64
		Release|x64 = Release|x64
		MinSizeRel|x64 = MinSizeRel|x64
		RelWithDebInfo|x64 = RelWithDebInfo|x64
	EndGlobalSection
	GlobalSection(ProjectConfigurationPlatforms) = postSolution
		{03899A35-C5E8-3623-9709-12BE3BF2385D}.Debug|x64.ActiveCfg = Debug|x64
		{03899A35-C5E8-3623-9709-12BE3BF2385D}.Debug|x64.Build.0 = Debug|x64
		{03899A35-C5E8-3623-9709-12BE3BF2385D}.Release|x64.ActiveCfg = Release|x64
		{03899A35-C5E8-3623-9709-12BE3BF2385D}.Release|x64.Build.0 = Release|x64
		{03899A35-C5E8-3623-9709-12BE3BF2385D}.MinSizeRel|x64.ActiveCfg = MinSizeRel|x64
		{03899A35-C5E8-3623-9709-12BE3BF2385D}.MinSizeRel|x64.Build.0 = MinSizeRel|x64
		{03899A35-C5E8-3623-9709-12BE3BF2385D}.RelWithDebInfo|x64.ActiveCfg = RelWithDebInfo|x64
		{03899A35-C5E8-3623-9709-12BE3BF2385D}.RelWithDebInfo|x64.Build.0 = RelWithDebInfo|x64
		{E0352F26-6901-3317-BA1B-46E3D0D36AA2}.Debug|x64.ActiveCfg = Debug|x64
		{E0352F26-6901-3317-BA1B-46E3D0D36AA2}.Release|x64.ActiveCfg = Release|x64
		{E0352F26-6901-3317-BA1B-46E3D0D36AA2}.MinSizeRel|x64.ActiveCfg = MinSizeRel|x64
		{E0352F26-6901-3317-BA1B-46E3D0D36AA2}.RelWithDebInfo|x64.ActiveCfg = RelWithDebInfo|x64
		{E7E4FE21-94AE-38B6-A200-C4EFFA029D64}.Debug|x64.ActiveCfg = Debug|x64
		{E7E4FE21-94AE-38B6-A200-C4EFFA029D64}.Debug|x64.Build.0 = Debug|x64
		{E7E4FE21-94AE-38B6-A200-C4EFFA029D64}.Release|x64.ActiveCfg = Release|x64
		{E7E4FE21-94AE-38B6-A200-C4EFFA029D64}.Release|x64.Build.0 = Release|x64
		{E7E4FE21-94AE-38B6-A200-C4EFFA029D64}.MinSizeRel|x64.ActiveCfg = MinSizeRel|x64
		{E7E4FE21-94AE-38B6-A200-C4EFFA029D64}.MinSizeRel|x64.Build.0 = MinSizeRel|x64
		{E7E4FE21-94AE-38B6-A200-C4EFFA029D64}.RelWithDebInfo|x64.ActiveCfg = RelWithDebInfo|x64
		{E7E4FE21-94AE-38B6-A200-C4EFFA029D64}.RelWithDebInfo|x64.Build.0 = RelWithDebInfo|x64
		{BB2A03D8-547A-3038-8C9E-006C954CCDDB}.Debug|x64.ActiveCfg = Debug|x64
		{BB2A03D8-547A-3038-8C9E-006C954CCDDB}.Debug|x64.Build.0 = Debug|x64
		{BB2A03D8-547A-3038-8C9E-006C954CCDDB}.Release|x64.ActiveCfg = Release|x64
		{BB2A03D8-547A-3038-8C9E-006C954CCDDB}.Release|x64.Build.0 = Release|x64
		{BB2A03D8-547A-3038-8C9E-006C954CCDDB}.MinSizeRel|x64.ActiveCfg = MinSizeRel|x64
		{BB2A03D8-547A-3038-8C9E-006C954CCDDB}.MinSizeRel|x64.Build.0 = MinSizeRel|x64
		{BB2A03D8-547A-3038-8C9E-006C954CCDDB}.RelWithDebInfo|x64.ActiveCfg = RelWithDebInfo|x64
		{BB2A03D8-547A-3038-8C9E-006C954CCDDB}.RelWithDebInfo|x64.Build.0 = RelWithDebInfo|x64
		{AFDDC203-2C8C-3A48-8186-43C20181D3FC}.Debug|x64.ActiveCfg = Debug|x64
		{AFDDC203-2C8C-3A48-8186-43C20181D3FC}.Debug|x64.Build.0 = Debug|x64
		{AFDDC203-2C8C-3A48-8186-43C20181D3FC}.Release|x64.ActiveCfg = Release|x64
		{AFDDC203-2C8C-3A48-8186-43C20181D3FC}.Release|x64.Build.0 = Release|x64
		{AFDDC203-2C8C-3A48-8186-43C20181D3FC}.MinSizeRel|x64.ActiveCfg = MinSizeRel|x64
		{AFDDC203-2C8C-3A48-8186-43C20181D3FC}.MinSizeRel|x64.Build.0 = MinSizeRel|x64
		{AFDDC203-2C8C-3A48-8186-43C20181D3FC}.RelWithDebInfo|x64.ActiveCfg = RelWithDebInfo|x64
		{AFDDC203-2C8C-3A48-8186-43C20181D3FC}.RelWithDebInfo|x64.Build.0 = RelWithDebInfo|x64
		{32FF2B07-4910-3719-97BA-8623A76DF2FC}.Debug|x64.ActiveCfg = Debug|x64
		{32FF2B07-4910-3719-97BA-8623A76DF2FC}.Debug|x64.Build.0 = Debug|x64
		{32FF2B07-4910-3719-97BA-8623A76DF2FC}.Release|x64.ActiveCfg = Release|x64
		{32FF2B07-4910-3719-97BA-8623A76DF2FC}.Release|x64.Build.0 = Release|x64
		{32FF2B07-4910-3719-97BA-8623A76DF2FC}.MinSizeRel|x64.ActiveCfg = MinSizeRel|x64
		{32FF2B07-4910-3719-97BA-8623A76DF2FC}.MinSizeRel|x64.Build.0 = MinSizeRel|x64
		{32FF2B07-4910-3719-97BA-8623A76DF2FC}.RelWithDebInfo|x64.ActiveCfg = RelWithDebInfo|x64
		{32FF2B07-4910-3719-97BA-8623A76DF2FC}.RelWithDebInfo|x64.Build.0 = RelWithDebInfo|x64
		{F198FB57-691A-30E3-8188-D97EBB366361}.Debug|x64.ActiveCfg = Debug|x64
		{F198FB57-691A-30E3-8188-D97EBB366361}.Debug|x64.Build.0 = Debug|x64
		{F198FB57-691A-30E3-8188-D97EBB366361}.Release|x64.ActiveCfg = Release|x64
		{F198FB57-691A-30E3-8188-D97EBB366361}.Release|x64.Build.0 = Release|x64
		{F198FB57-691A-30E3-8188-D97EBB366361}.MinSizeRel|x64.ActiveCfg = MinSizeRel|x64
		{F198FB57-691A-30E3-8188-D97EBB366361}.MinSizeRel|x64.Build.0 = MinSizeRel|x64
		{F198FB57-691A-30E3-8188-D97EBB366361}.RelWithDebInfo|x64.ActiveCfg = RelWithDebInfo|x64
		{F198FB57-691A-30E3-8188-D97EBB366361}.RelWithDebInfo|x64.Build.0 = RelWithDebInfo|x64
		{043525BA-9D3F-3FFF-A81C-7EF891AFD4F1}.Debug|x64.ActiveCfg = Debug|x64
		{043525BA-9D3F-3FFF-A81C-7EF891AFD4F1}.Release|x64.ActiveCfg = Release|x64
		{043525BA-9D3F-3FFF-A81C-7EF891AFD4F1}.MinSizeRel|x64.ActiveCfg = MinSizeRel|x64
		{043525BA-9D3F-3FFF-A81C-7EF891AFD4F1}.RelWithDebInfo|x64.ActiveCfg = RelWithDebInfo|x64
	EndGlobalSection
	GlobalSection(ExtensibilityGlobals) = postSolution
		SolutionGuid = {C1E1EA6D-C14D-32C5-A32A-265281A5663A}
	EndGlobalSection
	GlobalSection(ExtensibilityAddIns) = postSolution
	EndGlobalSection
EndGlobal
